// !$*UTF8*$!
{
	archiveVersion = 1;
	classes = {
	};
	objectVersion = 46;
	objects = {

/* Begin PBXBuildFile section */
		77B057670857449491B57990 /* libPods.a in Frameworks */ = {isa = PBXBuildFile; fileRef = 49EAEF75B56E4E87AB9328F7 /* libPods.a */; };
		C227415018E5031D00C2C96E /* MapKit.framework in Frameworks */ = {isa = PBXBuildFile; fileRef = C227414F18E5031D00C2C96E /* MapKit.framework */; };
		C248F2ED18E25A4D00E0603C /* Foundation.framework in Frameworks */ = {isa = PBXBuildFile; fileRef = C248F2EC18E25A4D00E0603C /* Foundation.framework */; };
		C248F2EF18E25A4D00E0603C /* CoreGraphics.framework in Frameworks */ = {isa = PBXBuildFile; fileRef = C248F2EE18E25A4D00E0603C /* CoreGraphics.framework */; };
		C248F2F118E25A4D00E0603C /* UIKit.framework in Frameworks */ = {isa = PBXBuildFile; fileRef = C248F2F018E25A4D00E0603C /* UIKit.framework */; };
		C28CD9E118E26E330042BC2B /* CoreLocation.framework in Frameworks */ = {isa = PBXBuildFile; fileRef = C28CD9E018E26E330042BC2B /* CoreLocation.framework */; };
		C28CD9E318E271250042BC2B /* Security.framework in Frameworks */ = {isa = PBXBuildFile; fileRef = C28CD9E218E271250042BC2B /* Security.framework */; };
		C2DFC8D518E93717001BC3F2 /* ColorAnnotation.m in Sources */ = {isa = PBXBuildFile; fileRef = C2DFC8D418E93717001BC3F2 /* ColorAnnotation.m */; };
		C2F4F23618E2B23E00DF6F99 /* AppDelegate.m in Sources */ = {isa = PBXBuildFile; fileRef = C2F4F22718E2B23E00DF6F99 /* AppDelegate.m */; };
		C2F4F23718E2B23E00DF6F99 /* Main.storyboard in Resources */ = {isa = PBXBuildFile; fileRef = C2F4F22818E2B23E00DF6F99 /* Main.storyboard */; };
		C2F4F23818E2B23E00DF6F99 /* CheckinViewController.m in Sources */ = {isa = PBXBuildFile; fileRef = C2F4F22B18E2B23E00DF6F99 /* CheckinViewController.m */; };
		C2F4F23918E2B23E00DF6F99 /* InfoPlist.strings in Resources */ = {isa = PBXBuildFile; fileRef = C2F4F22C18E2B23E00DF6F99 /* InfoPlist.strings */; };
		C2F4F23A18E2B23E00DF6F99 /* Images.xcassets in Resources */ = {isa = PBXBuildFile; fileRef = C2F4F22E18E2B23E00DF6F99 /* Images.xcassets */; };
		C2F4F23B18E2B23E00DF6F99 /* main.m in Sources */ = {isa = PBXBuildFile; fileRef = C2F4F22F18E2B23E00DF6F99 /* main.m */; };
		C2F4F23C18E2B23E00DF6F99 /* MasterViewController.m in Sources */ = {isa = PBXBuildFile; fileRef = C2F4F23118E2B23E00DF6F99 /* MasterViewController.m */; };
		C2F4F23E18E2B23E00DF6F99 /* VenueItem.m in Sources */ = {isa = PBXBuildFile; fileRef = C2F4F23518E2B23E00DF6F99 /* VenueItem.m */; };
/* End PBXBuildFile section */

/* Begin PBXFileReference section */
		2D4BE1B653F14A6DBA97F116 /* Pods.xcconfig */ = {isa = PBXFileReference; includeInIndex = 1; lastKnownFileType = text.xcconfig; name = Pods.xcconfig; path = Pods/Pods.xcconfig; sourceTree = "<group>"; };
		49EAEF75B56E4E87AB9328F7 /* libPods.a */ = {isa = PBXFileReference; explicitFileType = archive.ar; includeInIndex = 0; path = libPods.a; sourceTree = BUILT_PRODUCTS_DIR; };
		C227414F18E5031D00C2C96E /* MapKit.framework */ = {isa = PBXFileReference; lastKnownFileType = wrapper.framework; name = MapKit.framework; path = System/Library/Frameworks/MapKit.framework; sourceTree = SDKROOT; };
		C248F2E918E25A4D00E0603C /* testSquare.app */ = {isa = PBXFileReference; explicitFileType = wrapper.application; includeInIndex = 0; path = testSquare.app; sourceTree = BUILT_PRODUCTS_DIR; };
		C248F2EC18E25A4D00E0603C /* Foundation.framework */ = {isa = PBXFileReference; lastKnownFileType = wrapper.framework; name = Foundation.framework; path = System/Library/Frameworks/Foundation.framework; sourceTree = SDKROOT; };
		C248F2EE18E25A4D00E0603C /* CoreGraphics.framework */ = {isa = PBXFileReference; lastKnownFileType = wrapper.framework; name = CoreGraphics.framework; path = System/Library/Frameworks/CoreGraphics.framework; sourceTree = SDKROOT; };
		C248F2F018E25A4D00E0603C /* UIKit.framework */ = {isa = PBXFileReference; lastKnownFileType = wrapper.framework; name = UIKit.framework; path = System/Library/Frameworks/UIKit.framework; sourceTree = SDKROOT; };
		C248F30E18E25A4D00E0603C /* XCTest.framework */ = {isa = PBXFileReference; lastKnownFileType = wrapper.framework; name = XCTest.framework; path = Library/Frameworks/XCTest.framework; sourceTree = DEVELOPER_DIR; };
		C28CD9E018E26E330042BC2B /* CoreLocation.framework */ = {isa = PBXFileReference; lastKnownFileType = wrapper.framework; name = CoreLocation.framework; path = System/Library/Frameworks/CoreLocation.framework; sourceTree = SDKROOT; };
		C28CD9E218E271250042BC2B /* Security.framework */ = {isa = PBXFileReference; lastKnownFileType = wrapper.framework; name = Security.framework; path = System/Library/Frameworks/Security.framework; sourceTree = SDKROOT; };
		C2DFC8D318E93717001BC3F2 /* ColorAnnotation.h */ = {isa = PBXFileReference; fileEncoding = 4; lastKnownFileType = sourcecode.c.h; path = ColorAnnotation.h; sourceTree = "<group>"; };
		C2DFC8D418E93717001BC3F2 /* ColorAnnotation.m */ = {isa = PBXFileReference; fileEncoding = 4; lastKnownFileType = sourcecode.c.objc; path = ColorAnnotation.m; sourceTree = "<group>"; };
		C2F4F22618E2B23E00DF6F99 /* AppDelegate.h */ = {isa = PBXFileReference; fileEncoding = 4; lastKnownFileType = sourcecode.c.h; path = AppDelegate.h; sourceTree = "<group>"; };
		C2F4F22718E2B23E00DF6F99 /* AppDelegate.m */ = {isa = PBXFileReference; fileEncoding = 4; lastKnownFileType = sourcecode.c.objc; path = AppDelegate.m; sourceTree = "<group>"; };
		C2F4F22918E2B23E00DF6F99 /* Base */ = {isa = PBXFileReference; lastKnownFileType = file.storyboard; name = Base; path = Base.lproj/Main.storyboard; sourceTree = "<group>"; };
		C2F4F22A18E2B23E00DF6F99 /* CheckinViewController.h */ = {isa = PBXFileReference; fileEncoding = 4; lastKnownFileType = sourcecode.c.h; path = CheckinViewController.h; sourceTree = "<group>"; };
		C2F4F22B18E2B23E00DF6F99 /* CheckinViewController.m */ = {isa = PBXFileReference; fileEncoding = 4; lastKnownFileType = sourcecode.c.objc; path = CheckinViewController.m; sourceTree = "<group>"; };
		C2F4F22D18E2B23E00DF6F99 /* en */ = {isa = PBXFileReference; lastKnownFileType = text.plist.strings; name = en; path = en.lproj/InfoPlist.strings; sourceTree = "<group>"; };
		C2F4F22E18E2B23E00DF6F99 /* Images.xcassets */ = {isa = PBXFileReference; lastKnownFileType = folder.assetcatalog; path = Images.xcassets; sourceTree = "<group>"; };
		C2F4F22F18E2B23E00DF6F99 /* main.m */ = {isa = PBXFileReference; fileEncoding = 4; lastKnownFileType = sourcecode.c.objc; path = main.m; sourceTree = "<group>"; };
		C2F4F23018E2B23E00DF6F99 /* MasterViewController.h */ = {isa = PBXFileReference; fileEncoding = 4; lastKnownFileType = sourcecode.c.h; path = MasterViewController.h; sourceTree = "<group>"; };
		C2F4F23118E2B23E00DF6F99 /* MasterViewController.m */ = {isa = PBXFileReference; fileEncoding = 4; lastKnownFileType = sourcecode.c.objc; path = MasterViewController.m; sourceTree = "<group>"; };
		C2F4F23218E2B23E00DF6F99 /* testSquare-Info.plist */ = {isa = PBXFileReference; fileEncoding = 4; lastKnownFileType = text.plist.xml; path = "testSquare-Info.plist"; sourceTree = "<group>"; };
		C2F4F23318E2B23E00DF6F99 /* testSquare-Prefix.pch */ = {isa = PBXFileReference; fileEncoding = 4; lastKnownFileType = sourcecode.c.h; path = "testSquare-Prefix.pch"; sourceTree = "<group>"; };
		C2F4F23418E2B23E00DF6F99 /* VenueItem.h */ = {isa = PBXFileReference; fileEncoding = 4; lastKnownFileType = sourcecode.c.h; path = VenueItem.h; sourceTree = "<group>"; };
		C2F4F23518E2B23E00DF6F99 /* VenueItem.m */ = {isa = PBXFileReference; fileEncoding = 4; lastKnownFileType = sourcecode.c.objc; path = VenueItem.m; sourceTree = "<group>"; };
/* End PBXFileReference section */

/* Begin PBXFrameworksBuildPhase section */
		C248F2E618E25A4D00E0603C /* Frameworks */ = {
			isa = PBXFrameworksBuildPhase;
			buildActionMask = 2147483647;
			files = (
				C227415018E5031D00C2C96E /* MapKit.framework in Frameworks */,
				C28CD9E318E271250042BC2B /* Security.framework in Frameworks */,
				C28CD9E118E26E330042BC2B /* CoreLocation.framework in Frameworks */,
				C248F2EF18E25A4D00E0603C /* CoreGraphics.framework in Frameworks */,
				C248F2F118E25A4D00E0603C /* UIKit.framework in Frameworks */,
				C248F2ED18E25A4D00E0603C /* Foundation.framework in Frameworks */,
				77B057670857449491B57990 /* libPods.a in Frameworks */,
			);
			runOnlyForDeploymentPostprocessing = 0;
		};
/* End PBXFrameworksBuildPhase section */

/* Begin PBXGroup section */
		C248F2E018E25A4D00E0603C = {
			isa = PBXGroup;
			children = (
				C2F4F22518E2B23E00DF6F99 /* testSquare */,
				C248F2EB18E25A4D00E0603C /* Frameworks */,
				C248F2EA18E25A4D00E0603C /* Products */,
				2D4BE1B653F14A6DBA97F116 /* Pods.xcconfig */,
			);
			sourceTree = "<group>";
		};
		C248F2EA18E25A4D00E0603C /* Products */ = {
			isa = PBXGroup;
			children = (
				C248F2E918E25A4D00E0603C /* testSquare.app */,
			);
			name = Products;
			sourceTree = "<group>";
		};
		C248F2EB18E25A4D00E0603C /* Frameworks */ = {
			isa = PBXGroup;
			children = (
				C227414F18E5031D00C2C96E /* MapKit.framework */,
				C28CD9E218E271250042BC2B /* Security.framework */,
				C28CD9E018E26E330042BC2B /* CoreLocation.framework */,
				C248F2EC18E25A4D00E0603C /* Foundation.framework */,
				C248F2EE18E25A4D00E0603C /* CoreGraphics.framework */,
				C248F2F018E25A4D00E0603C /* UIKit.framework */,
				C248F30E18E25A4D00E0603C /* XCTest.framework */,
				49EAEF75B56E4E87AB9328F7 /* libPods.a */,
			);
			name = Frameworks;
			sourceTree = "<group>";
		};
		C2F4F22518E2B23E00DF6F99 /* testSquare */ = {
			isa = PBXGroup;
			children = (
				C2F4F22618E2B23E00DF6F99 /* AppDelegate.h */,
				C2F4F22718E2B23E00DF6F99 /* AppDelegate.m */,
				C2F4F22818E2B23E00DF6F99 /* Main.storyboard */,
				C2F4F22A18E2B23E00DF6F99 /* CheckinViewController.h */,
				C2F4F22B18E2B23E00DF6F99 /* CheckinViewController.m */,
				C2F4F23018E2B23E00DF6F99 /* MasterViewController.h */,
				C2F4F23118E2B23E00DF6F99 /* MasterViewController.m */,
				C2F4F23418E2B23E00DF6F99 /* VenueItem.h */,
				C2F4F23518E2B23E00DF6F99 /* VenueItem.m */,
				C2F4F22E18E2B23E00DF6F99 /* Images.xcassets */,
				C2F4F23F18E2B27700DF6F99 /* Supporting Files */,
				C2DFC8D318E93717001BC3F2 /* ColorAnnotation.h */,
				C2DFC8D418E93717001BC3F2 /* ColorAnnotation.m */,
			);
			path = testSquare;
			sourceTree = SOURCE_ROOT;
		};
		C2F4F23F18E2B27700DF6F99 /* Supporting Files */ = {
			isa = PBXGroup;
			children = (
				C2F4F22C18E2B23E00DF6F99 /* InfoPlist.strings */,
				C2F4F23218E2B23E00DF6F99 /* testSquare-Info.plist */,
				C2F4F22F18E2B23E00DF6F99 /* main.m */,
				C2F4F23318E2B23E00DF6F99 /* testSquare-Prefix.pch */,
			);
			name = "Supporting Files";
			sourceTree = "<group>";
		};
/* End PBXGroup section */

/* Begin PBXNativeTarget section */
		C248F2E818E25A4D00E0603C /* testSquare */ = {
			isa = PBXNativeTarget;
			buildConfigurationList = C248F31E18E25A4D00E0603C /* Build configuration list for PBXNativeTarget "testSquare" */;
			buildPhases = (
				7AE5185AC8804C058BEEDDE0 /* Check Pods Manifest.lock */,
				C248F2E518E25A4D00E0603C /* Sources */,
				C248F2E618E25A4D00E0603C /* Frameworks */,
				C248F2E718E25A4D00E0603C /* Resources */,
				DEE425DDBDAE4B17B0877715 /* Copy Pods Resources */,
			);
			buildRules = (
			);
			dependencies = (
			);
			name = testSquare;
			productName = testFoursquare;
			productReference = C248F2E918E25A4D00E0603C /* testSquare.app */;
			productType = "com.apple.product-type.application";
		};
/* End PBXNativeTarget section */

/* Begin PBXProject section */
		C248F2E118E25A4D00E0603C /* Project object */ = {
			isa = PBXProject;
			attributes = {
				LastUpgradeCheck = 0510;
				ORGANIZATIONNAME = StudioDec2July;
			};
			buildConfigurationList = C248F2E418E25A4D00E0603C /* Build configuration list for PBXProject "testSquare" */;
			compatibilityVersion = "Xcode 3.2";
			developmentRegion = English;
			hasScannedForEncodings = 0;
			knownRegions = (
				en,
				Base,
			);
			mainGroup = C248F2E018E25A4D00E0603C;
			productRefGroup = C248F2EA18E25A4D00E0603C /* Products */;
			projectDirPath = "";
			projectRoot = "";
			targets = (
				C248F2E818E25A4D00E0603C /* testSquare */,
			);
		};
/* End PBXProject section */

/* Begin PBXResourcesBuildPhase section */
		C248F2E718E25A4D00E0603C /* Resources */ = {
			isa = PBXResourcesBuildPhase;
			buildActionMask = 2147483647;
			files = (
				C2F4F23A18E2B23E00DF6F99 /* Images.xcassets in Resources */,
				C2F4F23718E2B23E00DF6F99 /* Main.storyboard in Resources */,
				C2F4F23918E2B23E00DF6F99 /* InfoPlist.strings in Resources */,
			);
			runOnlyForDeploymentPostprocessing = 0;
		};
/* End PBXResourcesBuildPhase section */

/* Begin PBXShellScriptBuildPhase section */
		7AE5185AC8804C058BEEDDE0 /* Check Pods Manifest.lock */ = {
			isa = PBXShellScriptBuildPhase;
			buildActionMask = 2147483647;
			files = (
			);
			inputPaths = (
			);
			name = "Check Pods Manifest.lock";
			outputPaths = (
			);
			runOnlyForDeploymentPostprocessing = 0;
			shellPath = /bin/sh;
			shellScript = "diff \"${PODS_ROOT}/../Podfile.lock\" \"${PODS_ROOT}/Manifest.lock\" > /dev/null\nif [[ $? != 0 ]] ; then\n    cat << EOM\nerror: The sandbox is not in sync with the Podfile.lock. Run 'pod install' or update your CocoaPods installation.\nEOM\n    exit 1\nfi\n";
			showEnvVarsInLog = 0;
		};
		DEE425DDBDAE4B17B0877715 /* Copy Pods Resources */ = {
			isa = PBXShellScriptBuildPhase;
			buildActionMask = 2147483647;
			files = (
			);
			inputPaths = (
			);
			name = "Copy Pods Resources";
			outputPaths = (
			);
			runOnlyForDeploymentPostprocessing = 0;
			shellPath = /bin/sh;
			shellScript = "\"${SRCROOT}/Pods/Pods-resources.sh\"\n";
			showEnvVarsInLog = 0;
		};
/* End PBXShellScriptBuildPhase section */

/* Begin PBXSourcesBuildPhase section */
		C248F2E518E25A4D00E0603C /* Sources */ = {
			isa = PBXSourcesBuildPhase;
			buildActionMask = 2147483647;
			files = (
				C2F4F23618E2B23E00DF6F99 /* AppDelegate.m in Sources */,
				C2F4F23B18E2B23E00DF6F99 /* main.m in Sources */,
				C2F4F23C18E2B23E00DF6F99 /* MasterViewController.m in Sources */,
				C2F4F23E18E2B23E00DF6F99 /* VenueItem.m in Sources */,
				C2DFC8D518E93717001BC3F2 /* ColorAnnotation.m in Sources */,
				C2F4F23818E2B23E00DF6F99 /* CheckinViewController.m in Sources */,
			);
			runOnlyForDeploymentPostprocessing = 0;
		};
/* End PBXSourcesBuildPhase section */

/* Begin PBXVariantGroup section */
		C2F4F22818E2B23E00DF6F99 /* Main.storyboard */ = {
			isa = PBXVariantGroup;
			children = (
				C2F4F22918E2B23E00DF6F99 /* Base */,
			);
			name = Main.storyboard;
			sourceTree = "<group>";
		};
		C2F4F22C18E2B23E00DF6F99 /* InfoPlist.strings */ = {
			isa = PBXVariantGroup;
			children = (
				C2F4F22D18E2B23E00DF6F99 /* en */,
			);
			name = InfoPlist.strings;
			sourceTree = "<group>";
		};
/* End PBXVariantGroup section */

/* Begin XCBuildConfiguration section */
		C248F31C18E25A4D00E0603C /* Debug */ = {
			isa = XCBuildConfiguration;
			buildSettings = {
				ALWAYS_SEARCH_USER_PATHS = NO;
				CLANG_CXX_LANGUAGE_STANDARD = "gnu++0x";
				CLANG_CXX_LIBRARY = "libc++";
				CLANG_ENABLE_MODULES = YES;
				CLANG_ENABLE_OBJC_ARC = YES;
				CLANG_WARN_BOOL_CONVERSION = YES;
				CLANG_WARN_CONSTANT_CONVERSION = YES;
				CLANG_WARN_DIRECT_OBJC_ISA_USAGE = YES_ERROR;
				CLANG_WARN_EMPTY_BODY = YES;
				CLANG_WARN_ENUM_CONVERSION = YES;
				CLANG_WARN_INT_CONVERSION = YES;
				CLANG_WARN_OBJC_ROOT_CLASS = YES_ERROR;
				CLANG_WARN__DUPLICATE_METHOD_MATCH = YES;
				"CODE_SIGN_IDENTITY[sdk=iphoneos*]" = "iPhone Developer";
				COPY_PHASE_STRIP = NO;
				GCC_C_LANGUAGE_STANDARD = gnu99;
				GCC_DYNAMIC_NO_PIC = NO;
				GCC_OPTIMIZATION_LEVEL = 0;
				GCC_PREPROCESSOR_DEFINITIONS = (
					"DEBUG=1",
					"$(inherited)",
				);
				GCC_SYMBOLS_PRIVATE_EXTERN = NO;
				GCC_WARN_64_TO_32_BIT_CONVERSION = YES;
				GCC_WARN_ABOUT_RETURN_TYPE = YES_ERROR;
				GCC_WARN_UNDECLARED_SELECTOR = YES;
				GCC_WARN_UNINITIALIZED_AUTOS = YES_AGGRESSIVE;
				GCC_WARN_UNUSED_FUNCTION = YES;
				GCC_WARN_UNUSED_VARIABLE = YES;
				IPHONEOS_DEPLOYMENT_TARGET = 7.0;
				ONLY_ACTIVE_ARCH = YES;
				SDKROOT = iphoneos;
			};
			name = Debug;
		};
		C248F31D18E25A4D00E0603C /* Release */ = {
			isa = XCBuildConfiguration;
			buildSettings = {
				ALWAYS_SEARCH_USER_PATHS = NO;
				CLANG_CXX_LANGUAGE_STANDARD = "gnu++0x";
				CLANG_CXX_LIBRARY = "libc++";
				CLANG_ENABLE_MODULES = YES;
				CLANG_ENABLE_OBJC_ARC = YES;
				CLANG_WARN_BOOL_CONVERSION = YES;
				CLANG_WARN_CONSTANT_CONVERSION = YES;
				CLANG_WARN_DIRECT_OBJC_ISA_USAGE = YES_ERROR;
				CLANG_WARN_EMPTY_BODY = YES;
				CLANG_WARN_ENUM_CONVERSION = YES;
				CLANG_WARN_INT_CONVERSION = YES;
				CLANG_WARN_OBJC_ROOT_CLASS = YES_ERROR;
				CLANG_WARN__DUPLICATE_METHOD_MATCH = YES;
				"CODE_SIGN_IDENTITY[sdk=iphoneos*]" = "iPhone Developer";
				COPY_PHASE_STRIP = YES;
				ENABLE_NS_ASSERTIONS = NO;
				GCC_C_LANGUAGE_STANDARD = gnu99;
				GCC_WARN_64_TO_32_BIT_CONVERSION = YES;
				GCC_WARN_ABOUT_RETURN_TYPE = YES_ERROR;
				GCC_WARN_UNDECLARED_SELECTOR = YES;
				GCC_WARN_UNINITIALIZED_AUTOS = YES_AGGRESSIVE;
				GCC_WARN_UNUSED_FUNCTION = YES;
				GCC_WARN_UNUSED_VARIABLE = YES;
				IPHONEOS_DEPLOYMENT_TARGET = 7.0;
				SDKROOT = iphoneos;
				VALIDATE_PRODUCT = YES;
			};
			name = Release;
		};
		C248F31F18E25A4D00E0603C /* Debug */ = {
			isa = XCBuildConfiguration;
			baseConfigurationReference = 2D4BE1B653F14A6DBA97F116 /* Pods.xcconfig */;
			buildSettings = {
				ASSETCATALOG_COMPILER_APPICON_NAME = AppIcon;
				ASSETCATALOG_COMPILER_LAUNCHIMAGE_NAME = LaunchImage;
				GCC_PRECOMPILE_PREFIX_HEADER = YES;
				GCC_PREFIX_HEADER = "testSquare/testSquare-Prefix.pch";
				INFOPLIST_FILE = "testSquare/testSquare-Info.plist";
				PRODUCT_NAME = testSquare;
				WRAPPER_EXTENSION = app;
			};
			name = Debug;
		};
		C248F32018E25A4D00E0603C /* Release */ = {
			isa = XCBuildConfiguration;
			baseConfigurationReference = 2D4BE1B653F14A6DBA97F116 /* Pods.xcconfig */;
			buildSettings = {
				ASSETCATALOG_COMPILER_APPICON_NAME = AppIcon;
				ASSETCATALOG_COMPILER_LAUNCHIMAGE_NAME = LaunchImage;
				GCC_PRECOMPILE_PREFIX_HEADER = YES;
				GCC_PREFIX_HEADER = "testSquare/testSquare-Prefix.pch";
				INFOPLIST_FILE = "testSquare/testSquare-Info.plist";
				PRODUCT_NAME = testSquare;
				WRAPPER_EXTENSION = app;
			};
			name = Release;
		};
/* End XCBuildConfiguration section */

/* Begin XCConfigurationList section */
		C248F2E418E25A4D00E0603C /* Build configuration list for PBXProject "testSquare" */ = {
			isa = XCConfigurationList;
			buildConfigurations = (
				C248F31C18E25A4D00E0603C /* Debug */,
				C248F31D18E25A4D00E0603C /* Release */,
			);
			defaultConfigurationIsVisible = 0;
			defaultConfigurationName = Release;
		};
		C248F31E18E25A4D00E0603C /* Build configuration list for PBXNativeTarget "testSquare" */ = {
			isa = XCConfigurationList;
			buildConfigurations = (
				C248F31F18E25A4D00E0603C /* Debug */,
				C248F32018E25A4D00E0603C /* Release */,
			);
			defaultConfigurationIsVisible = 0;
			defaultConfigurationName = Release;
		};
/* End XCConfigurationList section */
	};
	rootObject = C248F2E118E25A4D00E0603C /* Project object */;
}
